// !$*UTF8*$!
{
	archiveVersion = 1;
	classes = {
	};
	objectVersion = 46;
	objects = {

/* Begin PBXFileReference section */
		E72F51201ACC7402007883CE /* EyeTV.indigoPlugin */ = {isa = PBXFileReference; explicitFileType = wrapper.application; path = EyeTV.indigoPlugin; sourceTree = "<group>"; };
		E72F51211ACC7402007883CE /* README.txt */ = {isa = PBXFileReference; lastKnownFileType = text; path = README.txt; sourceTree = "<group>"; };
/* End PBXFileReference section */

/* Begin PBXGroup section */
		E72F51191ACC73F4007883CE = {
			isa = PBXGroup;
			children = (
				E72F51201ACC7402007883CE /* EyeTV.indigoPlugin */,
				E72F51211ACC7402007883CE /* README.txt */,
			);
			sourceTree = "<group>";
		};
/* End PBXGroup section */

/* Begin PBXProject section */
		E72F511A1ACC73F4007883CE /* Project object */ = {
			isa = PBXProject;
			attributes = {
				LastUpgradeCheck = 0620;
			};
			buildConfigurationList = E72F511D1ACC73F4007883CE /* Build configuration list for PBXProject "Indigo Domotics EyeTV" */;
			compatibilityVersion = "Xcode 3.2";
			developmentRegion = English;
			hasScannedForEncodings = 0;
			knownRegions = (
				en,
			);
			mainGroup = E72F51191ACC73F4007883CE;
			projectDirPath = "";
			projectRoot = "";
			targets = (
			);
		};
/* End PBXProject section */

/* Begin XCBuildConfiguration section */
		E72F511E1ACC73F4007883CE /* Debug */ = {
			isa = XCBuildConfiguration;
			buildSettings = {
			};
			name = Debug;
		};
		E72F511F1ACC73F4007883CE /* Release */ = {
			isa = XCBuildConfiguration;
			buildSettings = {
			};
			name = Release;
		};
/* End XCBuildConfiguration section */

/* Begin XCConfigurationList section */
		E72F511D1ACC73F4007883CE /* Build configuration list for PBXProject "Indigo Domotics EyeTV" */ = {
			isa = XCConfigurationList;
			buildConfigurations = (
				E72F511E1ACC73F4007883CE /* Debug */,
				E72F511F1ACC73F4007883CE /* Release */,
			);
			defaultConfigurationIsVisible = 0;
			defaultConfigurationName = Release;
		};
/* End XCConfigurationList section */
	};
	rootObject = E72F511A1ACC73F4007883CE /* Project object */;
}
